<?xml version="1.0" encoding="utf-8"?>
<Project xmlns="http://schemas.microsoft.com/developer/msbuild/2003">
  <PropertyGroup>
    <ProjectGuid>{D9D7269D-03C2-44A5-8413-1656B6D6C951}</ProjectGuid>
    <MainSource>RichEditMasterDetailMailMergeDemoDXE6.dpr</MainSource>
    <Config Condition="'$(Config)'==''">Base</Config>
    <DCC_DCCCompiler>DCC32</DCC_DCCCompiler>
    <ProjectVersion>13.4</ProjectVersion>
  </PropertyGroup>
  <PropertyGroup Condition="'$(Config)'=='Base' or '$(Base)'!=''">
    <Base>true</Base>
  </PropertyGroup>
  <PropertyGroup Condition="'$(Base)'!=''">
    <UsePackages>true</UsePackages>
    <DCC_UsePackage>;dxDBOrRS20;dxSpellCheckerRS20;dxSkinLiquidSkyRS20;cxLibraryRS20;dxSkinOffice2016DarkRS20;dxPDFViewerRS20;dxSkinBlueRS20;dxFlowChartDesignerRS20;dxEMFRS20;dxSkinOffice2013DarkGrayRS20;dxSkinDarkSideRS20;cxPivotGridChartRS20;dxPSdxGaugeControlLnkRS20;dxPSRichEditControlLnkRS20;dxSkinSharpRS20;dxSkinDarkRoomRS20;dxSkinBasicRS20;dxSkinSevenRS20;dxSkinHighContrastRS20;dxPSdxSpreadSheetLnkRS20;dxCloudServiceLibraryRS20;dxSpreadSheetConditionalFormattingDialogsRS20;dxSkinSevenClassicRS20;dxPScxVGridLnkRS20;dxmdsRS20;dxSkinSummer2008RS20;dxPSdxFCLnkRS20;dxSkinOffice2007SilverRS20;dxRichEditControlRS20;dxGaugeControlRS20;dxADOEMFRS20;dxSkinOffice2013LightGrayRS20;dxSkinMetropolisRS20;dxSkinSpringTimeRS20;dxSkinOffice2013WhiteRS20;dxSkinDevExpressDarkStyleRS20;dxRichEditCoreRS20;dxEMFDataRS20;dxSkinGlassOceansRS20;dxSkinSilverRS20;dxSkinDevExpressStyleRS20;dxFlowChartAdvancedCustomizeFormRS20;dxSpreadSheetCoreConditionalFormattingDialogsRS20;dxSpreadSheetReportDesignerRS20;dxPSdxDBOCLnkRS20;dxSkinOffice2010BlackRS20;dxSkinMetropolisDarkRS20;dxPSCoreRS20;dxSpreadSheetCoreRS20;dxPScxExtCommonRS20;dxSkinXmas2008BlueRS20;dxOrgChartAdvancedCustomizeFormRS20;dxRichEditControlDocFormatRS20;dxRichEditControlHtmlFormatRS20;dxSkinOffice2019ColorfulRS20;cxTreeListRS20;dxBarExtItemsRS20;dxHttpIndyRequestRS20;dxFlowChartLayoutsRS20;dxSkinWhiteprintRS20;dxSkinLondonLiquidSkyRS20;dxNavBarRS20;dxBarRS20;dxPSdxPDFViewerLnkRS20;dxSkinSharpPlusRS20;dxSkinMcSkinRS20;dxTileControlRS20;dxCoreRS20;dxPSdxLCLnkRS20;dxSkinOffice2007BlueRS20;dxSkinOffice2007PinkRS20;dxPSdxOCLnkRS20;dxSkinVisualStudio2013LightRS20;dxSkinVisualStudio2013BlueRS20;dxBarExtDBItemsRS20;dxPScxSchedulerLnkRS20;dxSkinCoffeeRS20;cxPivotGridRS20;dxSkinStardustRS20;dxRichEditControlCoreRS20;dxSkinBlackRS20;dxServerModeRS20;dxGanttControlRS20;cxSchedulerWebServiceStorageRS20;dxRibbonRS20;cxSchedulerRibbonStyleEventEditorRS20;dxOrgCRS20;dxSkinsCoreRS20;dxRibbonCustomizationFormRS20;dxSkinTheAsphaltWorldRS20;dxSkinOffice2007BlackRS20;dxFlowChartRS20;cxPageControldxBarPopupMenuRS20;dxSkinOffice2016ColorfulRS20;dxSkinOffice2019WhiteRS20;dxTabbedMDIRS20;dxSkinOffice2010SilverRS20;dxDockingRS20;dxSkinOffice2019BlackRS20;dxPSPrVwAdvRS20;dxPSLnksRS20;dxSkinMoneyTwinsRS20;cxGridEMFRS20;dxdbtrRS20;dxPScxPCProdRS20;dxSkinFoggyRS20;dxGanttControlSchedulerStorageImporterRS20;dxSkinVS2010RS20;dxPScxTLLnkRS20;dxSkinLilianRS20;dxWizardControlRS20;dxPScxCommonRS20;dxPSPrVwRibbonRS20;dxPScxPivotGridLnkRS20;dxSkinVisualStudio2013DarkRS20;cxSchedulerRS20;dxComnRS20;dxtrmdRS20;cxVerticalGridRS20;cxExportRS20;dxGDIPlusRS20;dxBarDBNavRS20;dxMapControlRS20;cxGridRS20;dxPSdxDBTVLnkRS20;dxRichEditDocumentModelRS20;dxSkinOffice2010BlueRS20;dxPScxGridLnkRS20;dxSkinOffice2019DarkGrayRS20;dxSkinBlueprintRS20;dxSkinTheBezierRS20;dxSkinOffice2007GreenRS20;dxSkinPumpkinRS20;dxSkinValentineRS20;dxSkinCaramelRS20;dxSkiniMaginaryRS20;dxSpreadSheetRS20;dxPSdxMapControlLnkRS20;cxTreeListdxBarPopupMenuRS20;cxPivotGridOLAPRS20;dxRichEditControlOpenXMLFormatRS20;cxSchedulerGridRS20;cxSchedulerTreeBrowserRS20</DCC_UsePackage>
    <Manifest_File>$(BDS)\bin\default_app.manifest</Manifest_File>
    <DCC_Namespace>WinApi;Vcl;System;System.Win;Vcl.Imaging;Data;Data.Win;Bde;Xml;Xml.Win;Vcl.Shell;VclTee;Datasnap;IBX;Vcl.Samples;$(DCC_Namespace)</DCC_Namespace>
  </PropertyGroup>
  <ProjectExtensions>
    <Borland.Personality>Delphi.Personality.12</Borland.Personality>
    <Borland.ProjectType>VCLApplication</Borland.ProjectType>
    <BorlandProject>
      <Delphi.Personality>
        <Source>
          <Source Name="MainSource">RichEditMasterDetailMailMergeDemoDXE6.dpr</Source>
        </Source>
      </Delphi.Personality>
      <Platforms>
        <Platform value="Win32">True</Platform>
        <Platform value="Win64">True</Platform>
      </Platforms>
    </BorlandProject>
    <ProjectFileVersion>12</ProjectFileVersion>
  </ProjectExtensions>
</Project>
