<?xml version="1.0" encoding="utf-8"?>
<Project xmlns="http://schemas.microsoft.com/developer/msbuild/2003">
  <PropertyGroup>
    <ProjectGuid>{2FAA6A0B-BE9E-4F6C-9211-A3A2A950B61E}</ProjectGuid>
    <MainSource>UnboundDesignDefinedDemoD100Seattle.dpr</MainSource>
    <Config Condition="'$(Config)'==''">Base</Config>
    <DCC_DCCCompiler>DCC32</DCC_DCCCompiler>
    <ProjectVersion>13.4</ProjectVersion>
  </PropertyGroup>
  <PropertyGroup Condition="'$(Config)'=='Base' or '$(Base)'!=''">
    <Base>true</Base>
  </PropertyGroup>
  <PropertyGroup Condition="'$(Base)'!=''">
    <UsePackages>true</UsePackages>
    <DCC_UsePackage>dxSkinMetropolisDarkRS23;cxSchedulerRS23;dxSpreadSheetCoreConditionalFormattingDialogsRS23;dxSkinsCoreRS23;dxSkinXmas2008BlueRS23;cxSchedulerRibbonStyleEventEditorRS23;dxSkinSilverRS23;dxPSdxFCLnkRS23;dxPSPrVwRibbonRS23;dxSkinLiquidSkyRS23;dxmdsRS23;dxSkinOffice2013DarkGrayRS23;dxSkinOffice2013LightGrayRS23;dxSkinCaramelRS23;dxSkinGlassOceansRS23;dxFlowChartLayoutsRS23;dxBarExtDBItemsRS23;dxSpreadSheetReportDesignerRS23;dxPScxPCProdRS23;dxSkinFoggyRS23;dxFlowChartRS23;dxPScxGridLnkRS23;dxSkinWhiteprintRS23;dxSkinSpringTimeRS23;dxRichEditDocumentModelRS23;dxSkinDevExpressStyleRS23;cxExportRS23;dxPScxSchedulerLnkRS23;dxRichEditControlOpenXMLFormatRS23;cxSchedulerWebServiceStorageRS23;dxSkinOffice2007GreenRS23;dxSkinOffice2010BlackRS23;dxPScxVGridLnkRS23;dxdbtrRS23;dxGanttControlRS23;dxPSdxSpreadSheetLnkRS23;dxRibbonRS23;dxBarExtItemsRS23;dxGaugeControlRS23;dxADOEMFRS23;dxPScxCommonRS23;dxSkinBasicRS23;dxSkinOffice2019WhiteRS23;dxMapControlRS23;dxRichEditCoreRS23;dxGDIPlusRS23;dxEMFDataRS23;dxSkinTheBezierRS23;dxSpreadSheetCoreRS23;cxTreeListdxBarPopupMenuRS23;dxSkinPumpkinRS23;dxRibbonCustomizationFormRS23;dxServerModeRS23;dxPSRichEditControlLnkRS23;cxPageControldxBarPopupMenuRS23;dxPSdxLCLnkRS23;dxSkinBlackRS23;dxPSdxPDFViewerLnkRS23;dxSkinOffice2019DarkGrayRS23;dxPDFViewerRS23;dxSkinOffice2007SilverRS23;dxSkinOffice2007BlackRS23;dxSkinOffice2016DarkRS23;dxPSCoreRS23;dxSkiniMaginaryRS23;dxDBOrRS23;dxSkinMcSkinRS23;dxEMFRS23;dxNavBarRS23;dxSkinSummer2008RS23;dxSkinOffice2016ColorfulRS23;dxPSdxDBTVLnkRS23;dxSkinVS2010RS23;cxGridEMFRS23;dxSkinOffice2010SilverRS23;dxSkinDarkRoomRS23;dxTileControlRS23;cxPivotGridOLAPRS23;dxHttpIndyRequestRS23;dxPSdxDBOCLnkRS23;cxVerticalGridRS23;dxSkinMetropolisRS23;dxOrgCRS23;dxSpreadSheetRS23;cxTreeListRS23;dxSkinVisualStudio2013LightRS23;cxPivotGridChartRS23;dxSkinBlueRS23;dxRichEditControlRS23;dxSkinOffice2019BlackRS23;dxSkinValentineRS23;dxSkinCoffeeRS23;dxPScxExtCommonRS23;dxPSdxMapControlLnkRS23;dxSkinStardustRS23;dxFlowChartDesignerRS23;dxSpellCheckerRS23;dxSkinVisualStudio2013DarkRS23;cxLibraryRS23;dxCloudServiceLibraryRS23;dxRichEditControlHtmlFormatRS23;dxSkinOffice2019ColorfulRS23;cxSchedulerTreeBrowserRS23;dxSkinSevenRS23;dxSkinSharpPlusRS23;dxSkinOffice2007BlueRS23;cxSchedulerGridRS23;dxPSdxGaugeControlLnkRS23;dxPSPrVwAdvRS23;dxSkinMoneyTwinsRS23;dxWizardControlRS23;dxGanttControlSchedulerStorageImporterRS23;cxPivotGridRS23;dxSkinDevExpressDarkStyleRS23;dxSkinLilianRS23;dxPScxTLLnkRS23;dxDockingRS23;dxSpreadSheetConditionalFormattingDialogsRS23;dxFlowChartAdvancedCustomizeFormRS23;dxTabbedMDIRS23;dxSkinOffice2007PinkRS23;dxSkinTheAsphaltWorldRS23;dxBarDBNavRS23;cxGridRS23;dxSkinOffice2010BlueRS23;dxCoreRS23;dxSkinBlueprintRS23;dxPSLnksRS23;dxSkinLondonLiquidSkyRS23;dxSkinVisualStudio2013BlueRS23;dxtrmdRS23;dxPSdxOCLnkRS23;dxSkinOffice2013WhiteRS23;dxRichEditControlCoreRS23;dxPScxPivotGridLnkRS23;dxSkinSevenClassicRS23;dxSkinDarkSideRS23;dxComnRS23;dxSkinSharpRS23;dxBarRS23;dxRichEditControlDocFormatRS23;dxOrgChartAdvancedCustomizeFormRS23;dxSkinHighContrastRS23</DCC_UsePackage>
    <Manifest_File>$(BDS)\bin\default_app.manifest</Manifest_File>
    <DCC_Namespace>WinApi;Vcl;System;System.Win;Vcl.Imaging;Data;Data.Win;Bde;Xml;Xml.Win;Vcl.Shell;VclTee;Datasnap;IBX;Vcl.Samples;$(DCC_Namespace)</DCC_Namespace>
  </PropertyGroup>
  <ProjectExtensions>
    <Borland.Personality>Delphi.Personality.12</Borland.Personality>
    <Borland.ProjectType>VCLApplication</Borland.ProjectType>
    <BorlandProject>
      <Delphi.Personality>
        <Source>
          <Source Name="MainSource">UnboundDesignDefinedDemoD100Seattle.dpr</Source>
        </Source>
      </Delphi.Personality>
      <Platforms>
        <Platform value="Win32">True</Platform>
        <Platform value="Win64">True</Platform>
      </Platforms>
    </BorlandProject>
    <ProjectFileVersion>12</ProjectFileVersion>
  </ProjectExtensions>
</Project>
