	<Project xmlns="http://schemas.microsoft.com/developer/msbuild/2003">
		<PropertyGroup>
			<ProjectGuid>{752efe00-2115-44a5-b39e-412fac6a63cc}</ProjectGuid>
			<MainSource>sgcWebSocketsD2009.dpk</MainSource>
			<Configuration Condition=" '$(Configuration)' == '' ">Release</Configuration>
			<Platform Condition=" '$(Platform)' == '' ">AnyCPU</Platform>
			<DCC_DCCCompiler>DCC32</DCC_DCCCompiler>
			<DCC_DependencyCheckOutputName>C:\Users\Public\Documents\RAD Studio\5.0\Bpl\sgcWebSocketsD2007.bpl</DCC_DependencyCheckOutputName>
			<ProjectVersion>12.0</ProjectVersion>
			<Config Condition="'$(Config)'==''">Release</Config>
		</PropertyGroup>
		<PropertyGroup Condition="'$(Config)'=='Base' or '$(Base)'!=''">
			<Base>true</Base>
		</PropertyGroup>
		<PropertyGroup Condition="'$(Config)'=='Release' or '$(Cfg_1)'!=''">
			<Cfg_1>true</Cfg_1>
			<CfgParent>Base</CfgParent>
			<Base>true</Base>
		</PropertyGroup>
		<PropertyGroup Condition="'$(Config)'=='Debug' or '$(Cfg_2)'!=''">
			<Cfg_2>true</Cfg_2>
			<CfgParent>Base</CfgParent>
			<Base>true</Base>
		</PropertyGroup>
		<PropertyGroup Condition="'$(Base)'!=''">
			<DCC_DcuOutput>..\libD2009</DCC_DcuOutput>
			<DCC_DcpOutput>..\dcp</DCC_DcpOutput>
			<DCC_UnitSearchPath>..\libD2009;..\Source;..\Source\ZLib;..\Source\ZLib\i386-Win32-ZLib;$(DCC_UnitSearchPath)</DCC_UnitSearchPath>
			<RuntimeOnlyPackage>true</RuntimeOnlyPackage>
			<DCC_DependencyCheckOutputName>C:\Users\Public\Documents\RAD Studio\6.0\Bpl\sgcWebSocketsD2009.bpl</DCC_DependencyCheckOutputName>
			<DCC_ImageBase>00400000</DCC_ImageBase>
			<DCC_LocalDebugSymbols>false</DCC_LocalDebugSymbols>
			<DCC_Description>SGC WebSockets</DCC_Description>
			<GenPackage>true</GenPackage>
			<DCC_OutputNeverBuildDcps>true</DCC_OutputNeverBuildDcps>
			<GenDll>true</GenDll>
			<DesignOnlyPackage>false</DesignOnlyPackage>
			<DCC_DebugInformation>false</DCC_DebugInformation>
			<DCC_SymbolReferenceInfo>0</DCC_SymbolReferenceInfo>
		</PropertyGroup>
		<PropertyGroup Condition="'$(Cfg_1)'!=''">
			<Version>7.0</Version>
			<DCC_DebugInformation>False</DCC_DebugInformation>
			<DCC_LocalDebugSymbols>False</DCC_LocalDebugSymbols>
			<DCC_SymbolReferenceInfo>0</DCC_SymbolReferenceInfo>
			<DCC_ObjOutput>..\libD2009</DCC_ObjOutput>
			<DCC_HppOutput>..\libD2009</DCC_HppOutput>
		</PropertyGroup>
		<PropertyGroup Condition="'$(Cfg_2)'!=''">
			<Version>7.0</Version>
			<DCC_ObjOutput>..\libD2009</DCC_ObjOutput>
			<DCC_HppOutput>..\libD2009</DCC_HppOutput>
		</PropertyGroup>
		<ProjectExtensions>
			<Borland.Personality>Delphi.Personality.12</Borland.Personality>
			<Borland.ProjectType>Package</Borland.ProjectType>
			<BorlandProject>
				<Delphi.Personality>
					<Parameters>
						<Parameters Name="UseLauncher">False</Parameters>
						<Parameters Name="LoadAllSymbols">True</Parameters>
						<Parameters Name="LoadUnspecifiedSymbols">False</Parameters>
					</Parameters>
					<VersionInfo>
						<VersionInfo Name="IncludeVerInfo">True</VersionInfo>
						<VersionInfo Name="AutoIncBuild">False</VersionInfo>
						<VersionInfo Name="MajorVer">1</VersionInfo>
						<VersionInfo Name="MinorVer">0</VersionInfo>
						<VersionInfo Name="Release">0</VersionInfo>
						<VersionInfo Name="Build">0</VersionInfo>
						<VersionInfo Name="Debug">False</VersionInfo>
						<VersionInfo Name="PreRelease">False</VersionInfo>
						<VersionInfo Name="Special">False</VersionInfo>
						<VersionInfo Name="Private">False</VersionInfo>
						<VersionInfo Name="DLL">False</VersionInfo>
						<VersionInfo Name="Locale">1027</VersionInfo>
						<VersionInfo Name="CodePage">1252</VersionInfo>
					</VersionInfo>
					<VersionInfoKeys>
						<VersionInfoKeys Name="CompanyName"/>
						<VersionInfoKeys Name="FileDescription"/>
						<VersionInfoKeys Name="FileVersion">1.0.0.0</VersionInfoKeys>
						<VersionInfoKeys Name="InternalName"/>
						<VersionInfoKeys Name="LegalCopyright"/>
						<VersionInfoKeys Name="LegalTrademarks"/>
						<VersionInfoKeys Name="OriginalFilename"/>
						<VersionInfoKeys Name="ProductName"/>
						<VersionInfoKeys Name="ProductVersion">1.0.0.0</VersionInfoKeys>
						<VersionInfoKeys Name="Comments"/>
					</VersionInfoKeys>
					<Source>
						<Source Name="MainSource">sgcWebSocketsD2009.dpk</Source>
					</Source>
					<Excluded_Packages>
						<Excluded_Packages Name="$(BDS)\bin\dcloffice2k120.bpl">Microsoft Office 2000 Sample Automation Server Wrapper Components</Excluded_Packages>
						<Excluded_Packages Name="$(BDS)\bin\dclofficexp120.bpl">Microsoft Office XP Sample Automation Server Wrapper Components</Excluded_Packages>
					</Excluded_Packages>
				</Delphi.Personality>
			</BorlandProject>
			<ProjectFileVersion>12</ProjectFileVersion>
		</ProjectExtensions>
		<ItemGroup>
			<DelphiCompile Include="sgcWebSocketsD2009.dpk">
				<MainSource>MainSource</MainSource>
			</DelphiCompile>
			<DCCReference Include="rtl.dcp"/>
			<DCCReference Include="Intraweb_100_120.dcp"/>
			<DCCReference Include="IndyCore.dcp"/>
			<DCCReference Include="IndyProtocols.dcp"/>
			<DCCReference Include="IndySystem.dcp"/>
			<DCCReference Include="vcl.dcp"/>
			<DCCReference Include="vclx.dcp"/>
			<DCCReference Include="designide.dcp"/>
			<DCCReference Include="xmlrtl.dcp"/>
			<DCCReference Include="vclactnband.dcp"/>
			<DCCReference Include="dbrtl.dcp"/>
			<DCCReference Include="..\Source\sgcIWWebSocket.pas"/>
			<DCCReference Include="..\Source\sgcIWWebSocket_Client.pas"/>
			<DCCReference Include="..\Source\sgcIWWebSocket_Protocol_Base.pas"/>
			<DCCReference Include="..\Source\sgcIWWebSocket_Protocol_Dataset_Client.pas"/>
			<DCCReference Include="..\Source\sgcIWWebSocket_Protocol_sgc_Client.pas"/>
			<DCCReference Include="..\Source\sgcIWWebSocket_Protocols.pas"/>
			<DCCReference Include="..\Source\sgcJSON.pas"/>
			<DCCReference Include="..\Source\sgcWebSocket.pas"/>
			<DCCReference Include="..\Source\sgcWebSocket_Classes.pas"/>
			<DCCReference Include="..\Source\sgcWebSocket_Client.pas"/>
			<DCCReference Include="..\Source\sgcWebSocket_Const.pas"/>
			<DCCReference Include="..\Source\sgcWebSocket_CustomClient.pas"/>
			<DCCReference Include="..\Source\sgcWebSocket_CustomServer.pas"/>
			<DCCReference Include="..\Source\sgcWebSocket_Extensions.pas"/>
			<DCCReference Include="..\Source\sgcWebSocket_Extension_Base.pas"/>
			<DCCReference Include="..\Source\sgcWebSocket_Extension_DeflateFrame.pas"/>
			<DCCReference Include="..\Source\sgcWebSocket_Extension_PerMessage_Deflate.pas"/>
			<DCCReference Include="..\Source\sgcWebSocket_Helpers.pas"/>
			<DCCReference Include="..\Source\sgcWebSocket_HTTPResponse.pas"/>
			<DCCReference Include="..\Source\sgcWebSocket_LoadBalancer_Client.pas"/>
			<DCCReference Include="..\Source\sgcWebSocket_LoadBalancer_Message.pas"/>
			<DCCReference Include="..\Source\sgcWebSocket_LoadBalancer_Server.pas"/>			
			<DCCReference Include="..\Source\sgcWebSocket_Protocol_Base_Client.pas"/>
			<DCCReference Include="..\Source\sgcWebSocket_Protocol_Base_Message.pas"/>
			<DCCReference Include="..\Source\sgcWebSocket_Protocol_Base_Server.pas"/>
			<DCCReference Include="..\Source\sgcWebSocket_Protocol_Broker_Client.pas"/>
			<DCCReference Include="..\Source\sgcWebSocket_Protocol_Broker_Message.pas"/>
			<DCCReference Include="..\Source\sgcWebSocket_Protocol_Broker_Server.pas"/>
			<DCCReference Include="..\Source\sgcWebSocket_Protocol_Dataset_Client.pas"/>
			<DCCReference Include="..\Source\sgcWebSocket_Protocol_Dataset_Message.pas"/>
			<DCCReference Include="..\Source\sgcWebSocket_Protocol_Dataset_Server.pas"/>
			<DCCReference Include="..\Source\sgcWebSocket_Protocol_Files_Client.pas"/>
			<DCCReference Include="..\Source\sgcWebSocket_Protocol_Files_Message.pas"/>
			<DCCReference Include="..\Source\sgcWebSocket_Protocol_Files_Server.pas"/>			
			<DCCReference Include="..\Source\sgcWebSocket_Protocol_sgc_Client.pas"/>
			<DCCReference Include="..\Source\sgcWebSocket_Protocol_sgc_Message.pas"/>
			<DCCReference Include="..\Source\sgcWebSocket_Protocol_sgc_Server.pas"/>
			<DCCReference Include="..\Source\sgcWebSocket_Protocol_WebRTC_Message.pas"/>
			<DCCReference Include="..\Source\sgcWebSocket_Protocol_WebRTC_Server.pas"/>
			<DCCReference Include="..\Source\sgcWebSocket_Protocol_WAMP_Client.pas"/>
			<DCCReference Include="..\Source\sgcWebSocket_Protocol_WAMP_Message.pas"/>
			<DCCReference Include="..\Source\sgcWebSocket_Protocol_WAMP_Server.pas"/>
			<DCCReference Include="..\Source\sgcWebSocket_Protocol_MQTT_Client.pas"/>
			<DCCReference Include="..\Source\sgcWebSocket_Protocol_MQTT_Message.pas"/>
			<DCCReference Include="..\Source\sgcWebSocket_Protocol_WAMP2_Client.pas"/>
			<DCCReference Include="..\Source\sgcWebSocket_Protocol_WAMP2_Message.pas"/>				
			<DCCReference Include="..\Source\sgcWebSocket_Protocols.pas"/>
			<DCCReference Include="..\Source\sgcWebSocket_Resources.pas"/>
			<DCCReference Include="..\Source\sgcWebSocket_Server.pas"/>
			<DCCReference Include="..\Source\sgcWebSocket_Server_Proxy.pas" />
			<DCCReference Include="..\Source\sgcWebSocket_Types.pas"/>
			<DCCReference Include="..\Source\sgcWebSocket_Classes_Indy.pas" />
			<DCCReference Include="..\Source\sgcWebSocket_Classes_WinHTTP.pas" />
			<DCCReference Include="..\Source\sgcWebSocket_Client_WinHTTP.pas" />
			<DCCReference Include="..\Source\sgcWebSocket_WinAPI.pas" />	
			<DCCReference Include="..\Source\sgcWebSocket_API_Bitfinex.pas"/>
			<DCCReference Include="..\Source\sgcWebSocket_API_Blockchain.pas"/>
			<DCCReference Include="..\Source\sgcWebSocket_API_Pusher.pas"/>
			<DCCReference Include="..\Source\sgcWebSocket_API_SignalR.pas"/>
			<DCCReference Include="..\Source\sgcWebSocket_API_Bittrex.pas"/>
			<DCCReference Include="..\Source\sgcWebSocket_API_SocketIO.pas"/>
			<DCCReference Include="..\Source\sgcWebSocket_API_Binance.pas"/>
			<DCCReference Include="..\Source\sgcWebSocket_API_Bitstamp.pas"/>			
			<DCCReference Include="..\Source\sgcWebSocket_APIs.pas"/>
			<DCCReference Include="..\Source\sgcSTOMP.pas"/>
			<DCCReference Include="..\Source\sgcWebSocket_Protocol_STOMP_ActiveMQ_Client.pas"/>
			<DCCReference Include="..\Source\sgcWebSocket_Protocol_STOMP_Broker_Client.pas"/>
			<DCCReference Include="..\Source\sgcWebSocket_Protocol_STOMP_Client.pas"/>
			<DCCReference Include="..\Source\sgcWebSocket_Protocol_STOMP_Message.pas"/>
			<DCCReference Include="..\Source\sgcWebSocket_Protocol_STOMP_RabbitMQ_Client.pas"/>		
			<DCCReference Include="..\Source\sgcWebSocket_Classes_Sockets.pas"/>
			<DCCReference Include="..\Source\sgcWebSocket_Server_Base.pas"/>
			<DCCReference Include="..\Source\sgcHTTP.pas"/>
			<DCCReference Include="..\Source\sgcTCP_Classes_Indy.pas"/>
			<DCCReference Include="..\Source\sgcHTTP_Const.pas"/>
			<DCCReference Include="..\Source\sgcWebSocket_API_Huobi.pas"/>
			<DCCReference Include="..\Source\sgcHTTP_OAuth_Client.pas"/>
			<DCCReference Include="..\Source\sgcHTTP_OAuth2_Client.pas"/>
			<DCCReference Include="..\Source\sgcHTTP_Classes.pas"/>
			<DCCReference Include="..\Source\sgcHTTP_Helpers.pas"/>
			<DCCReference Include="..\Source\sgcWebSocket_API_Cex.pas"/>
			<DCCReference Include="..\Source\sgcWebSocket_Protocol_AppRTC_Server.pas"/>
			<DCCReference Include="..\Source\sgcWebSocket_Protocol_Presence_Client.pas"/>
			<DCCReference Include="..\Source\sgcWebSocket_Protocol_Presence_Message.pas"/>
			<DCCReference Include="..\Source\sgcWebSocket_Protocol_Presence_Server.pas"/>
			<DCCReference Include="..\Source\sgcWebSocket_API_Bitmex.pas"/>
			<DCCReference Include="..\Source\sgcWebSocket_Classes_SyncObjs.pas"/>
			<DCCReference Include="..\Source\sgcWebSocket_Classes_Queues.pas"/>
			<DCCReference Include="..\Source\sgcWebSocket_API_SignalRCore.pas"/>
			<DCCReference Include="..\Source\sgcWebSocket_API_Kraken.pas"/>			
			<DCCReference Include="..\Source\sgcBase_Classes.pas"/>
			<DCCReference Include="..\Source\sgcBase_Const.pas"/>
			<DCCReference Include="..\Source\sgcBase_Helpers.pas"/>
			<DCCReference Include="..\Source\sgcTCP_Classes.pas"/>
			<DCCReference Include="..\Source\sgcBase_Sync.pas"/>
			<DCCReference Include="..\Source\sgcTCP_Client.pas"/>
			<DCCReference Include="..\Source\sgcIoT.pas"/>
			<DCCReference Include="..\Source\sgcIoT_Classes.pas"/>
			<DCCReference Include="..\Source\sgcHTTP_API_Coinbase.pas"/>
			<DCCReference Include="..\Source\sgcIoT_Client.pas"/>
			<DCCReference Include="..\Source\sgcIoT_MQTT_Client.pas"/>
			<DCCReference Include="..\Source\sgcIoT_Amazon_MQTT_Client.pas"/>	
			<DCCReference Include="..\Source\sgcIoT_Azure_MQTT_Client.pas"/>
			<DCCReference Include="..\Source\sgcWebSocket_API_Coinbase.pas"/>
			<DCCReference Include="..\Source\sgcWebSocket_API_FXCM.pas"/>			
			<DCCReference Include="..\Source\sgcSSL_SChannel.pas"/>
			<DCCReference Include="..\Source\sgcSSL_SChannel_Indy.pas"/>
			<DCCReference Include="..\Source\sgcSSL_WinSSPI.pas"/>
			<DCCReference Include="..\Source\sgcHTTP_Client.pas"/>
			<DCCReference Include="..\Source\sgcHTTP_Amazon_AWS.pas"/>
			<DCCReference Include="..\Source\sgcHTTP_Amazon_SQS.pas"/>
			<DCCReference Include="..\Source\sgcHTTP_Amazon_AWS_Signature.pas"/>
			<DCCReference Include="..\Source\sgcWebSocket_API_Discord.pas"/>
			<DCCReference Include="..\Source\sgcHTTP_API_Binance.pas"/>
			<DCCReference Include="..\Source\sgcHTTP_API.pas"/>
			<DCCReference Include="..\Source\sgcHTTP_Google_Cloud.pas"/>
			<DCCReference Include="..\Source\sgcHTTP_Google_PubSub.pas"/>
			<DCCReference Include="..\Source\sgcHTTP_Google_Calendar.pas"/>
			<DCCReference Include="..\Source\sgcHTTP_API_Kraken.pas"/>
			<DCCReference Include="..\Source\sgcLib_Telegram.pas"/>
			<DCCReference Include="..\Source\sgcLib_Telegram_Client.pas"/>
			<DCCReference Include="..\Source\sgcP2P_STUN_Classes.pas"/>
			<DCCReference Include="..\Source\sgcP2P_STUN_Client.pas"/>
			<DCCReference Include="..\Source\sgcP2P_STUN_Helpers.pas"/>
			<DCCReference Include="..\Source\sgcP2P_STUN_Server.pas"/>
			<DCCReference Include="..\Source\sgcP2P_STUN_Types.pas"/>
			<DCCReference Include="..\Source\sgcWebSocket_API_FTX.pas"/>
			<DCCReference Include="..\Source\sgcHTTP_API_FTX.pas"/>
			<DCCReference Include="..\Source\sgcLib_RCON_Client.pas"/>
			<DCCReference Include="..\Source\sgcHTTP_API_Cryptohopper.pas"/>
			<DCCReference Include="..\Source\sgcLibs.pas"/>
			<DCCReference Include="..\Source\sgcHTTP_JWT_Types.pas"/>
			<DCCReference Include="..\Source\sgcWebSocket_API_ThreeCommas.pas"/>
			<DCCReference Include="..\Source\sgcHTTP_API_ThreeCommas.pas"/>			
			<DCCReference Include="..\Source\sgcWebSocket_Server_API_RTCMultiConnection.pas"/>
			<DCCReference Include="..\Source\sgcWebSocket_Server_API_Base.pas"/>
			<DCCReference Include="..\Source\sgcWebSocket_Server_API_SocketIO.pas"/>
			<DCCReference Include="..\Source\sgcWebSocket_Server_APIs.pas"/>
			<DCCReference Include="..\Source\sgcAMQP.pas"/>
			<DCCReference Include="..\Source\sgcAMQP_Classes.pas"/>
			<DCCReference Include="..\Source\sgcAMQP_Const.pas"/>
			<DCCReference Include="..\Source\sgcAMQP_Helpers.pas"/>
			<DCCReference Include="..\Source\sgcAMQP_Client.pas"/>
			<DCCReference Include="..\Source\sgcHTTP_API_Bitmex.pas"/>
			<DCCReference Include="..\Source\sgcWebSocket_Protocol_AMQP_Client.pas"/>
			<DCCReference Include="..\Source\sgcWebSocket_Protocol_AMQP_Message.pas"/>
			<DCCReference Include="..\Source\sgcWebSocket_Protocol_AMQP_RabbitMQ_Client.pas"/>
			<None Include="..\Source\sgcVer.inc"/>
			<BuildConfiguration Include="Base">
				<Key>Base</Key>
			</BuildConfiguration>
			<BuildConfiguration Include="Debug">
				<Key>Cfg_2</Key>
				<CfgParent>Base</CfgParent>
			</BuildConfiguration>
			<BuildConfiguration Include="Release">
				<Key>Cfg_1</Key>
				<CfgParent>Base</CfgParent>
			</BuildConfiguration>
		</ItemGroup>
		<Import Project="$(BDS)\Bin\CodeGear.Delphi.Targets" Condition="Exists('$(BDS)\Bin\CodeGear.Delphi.Targets')"/>
	</Project>
