<Project xmlns="http://schemas.microsoft.com/developer/msbuild/2003">
	<PropertyGroup>
		<ProjectGuid>{ea9ec1ce-8ace-4bc6-9d70-dfee1626f110}</ProjectGuid>
		<MainSource>sbridge120.dpk</MainSource>
		<Configuration Condition=" '$(Configuration)' == '' ">Debug</Configuration>
		<Platform Condition=" '$(Platform)' == '' ">AnyCPU</Platform>
		<DCC_DCCCompiler>DCC32</DCC_DCCCompiler>
		<DCC_DependencyCheckOutputName>sbridge120.bpl</DCC_DependencyCheckOutputName>
		<ProjectVersion>12.0</ProjectVersion>
		<Config Condition="'$(Config)'==''">Debug</Config>
	</PropertyGroup>
	<PropertyGroup Condition="'$(Config)'=='Base' or '$(Base)'!=''">
		<Base>true</Base>
	</PropertyGroup>
	<PropertyGroup Condition="'$(Config)'=='Release' or '$(Cfg_Release)'!=''">
		<Cfg_Release>true</Cfg_Release>
		<CfgParent>Base</CfgParent>
		<Base>true</Base>
	</PropertyGroup>
	<PropertyGroup Condition="'$(Config)'=='Debug' or '$(Cfg_Debug)'!=''">
		<Cfg_Debug>true</Cfg_Debug>
		<CfgParent>Base</CfgParent>
		<Base>true</Base>
	</PropertyGroup>
	<PropertyGroup Condition="'$(Base)'!=''">
		<RuntimeOnlyPackage>true</RuntimeOnlyPackage>
		<DCC_DependencyCheckOutputName>D:\Documents and Settings\All Users\Documents\RAD Studio\6.0\Bpl\sbridge120.bpl</DCC_DependencyCheckOutputName>
		<DCC_ImageBase>00400000</DCC_ImageBase>
		<DCC_LocalDebugSymbols>false</DCC_LocalDebugSymbols>
		<DCC_Define>sbridge;$(DCC_Define)</DCC_Define>
		<DCC_Description>Devart SecureBridge Components</DCC_Description>
		<DesignOnlyPackage>false</DesignOnlyPackage>
		<GenPackage>true</GenPackage>
		<DCC_OutputNeverBuildDcps>true</DCC_OutputNeverBuildDcps>
		<GenDll>true</GenDll>
		<DCC_WriteableConstants>true</DCC_WriteableConstants>
		<DCC_DebugInformation>false</DCC_DebugInformation>
		<DCC_SymbolReferenceInfo>0</DCC_SymbolReferenceInfo>
	</PropertyGroup>
	<PropertyGroup Condition="'$(Cfg_Release)'!=''">
		<Version>7.0</Version>
		<DCC_DebugInformation>False</DCC_DebugInformation>
		<DCC_WriteableConstants>True</DCC_WriteableConstants>
		<DCC_LocalDebugSymbols>False</DCC_LocalDebugSymbols>
		<DCC_SymbolReferenceInfo>0</DCC_SymbolReferenceInfo>
		<DCC_UnitAlias>WinTypes=Windows;WinProcs=Windows;DbiTypes=BDE;DbiProcs=BDE;DbiErrs=BDE;;$(DCC_UnitAlias)</DCC_UnitAlias>
		<DCC_CBuilderOutput>All</DCC_CBuilderOutput>
		<DCC_StackSize>4096,1048576</DCC_StackSize>
		<DCC_ExeOutput>.</DCC_ExeOutput>
		<DCC_DcuOutput>.</DCC_DcuOutput>
		<DCC_ObjOutput>.</DCC_ObjOutput>
		<DCC_HppOutput>.</DCC_HppOutput>
		<DCC_UnitSearchPath>..\;$(DCC_UnitSearchPath)</DCC_UnitSearchPath>
		<DCC_ResourcePath>..\;$(DCC_ResourcePath)</DCC_ResourcePath>
		<DCC_ObjPath>..\;$(DCC_ObjPath)</DCC_ObjPath>
		<DCC_IncludePath>..\;$(DCC_IncludePath)</DCC_IncludePath>
		<DCC_Define>RELEASE;$(DCC_Define)</DCC_Define>
		<DCC_UNSAFE_TYPE>True</DCC_UNSAFE_TYPE>
		<DCC_UNSAFE_CODE>True</DCC_UNSAFE_CODE>
		<DCC_UNSAFE_CAST>True</DCC_UNSAFE_CAST>
	</PropertyGroup>
	<PropertyGroup Condition="'$(Cfg_Debug)'!=''">
		<Version>7.0</Version>
		<DCC_DebugInformation>False</DCC_DebugInformation>
		<DCC_WriteableConstants>True</DCC_WriteableConstants>
		<DCC_LocalDebugSymbols>False</DCC_LocalDebugSymbols>
		<DCC_SymbolReferenceInfo>0</DCC_SymbolReferenceInfo>
		<DCC_UnitAlias>WinTypes=Windows;WinProcs=Windows;DbiTypes=BDE;DbiProcs=BDE;DbiErrs=BDE;;$(DCC_UnitAlias)</DCC_UnitAlias>
		<DCC_CBuilderOutput>All</DCC_CBuilderOutput>
		<DCC_StackSize>4096,1048576</DCC_StackSize>
		<DCC_ExeOutput>.</DCC_ExeOutput>
		<DCC_DcuOutput>.</DCC_DcuOutput>
		<DCC_ObjOutput>.</DCC_ObjOutput>
		<DCC_HppOutput>.</DCC_HppOutput>
		<DCC_UnitSearchPath>..\;$(DCC_UnitSearchPath)</DCC_UnitSearchPath>
		<DCC_ResourcePath>..\;$(DCC_ResourcePath)</DCC_ResourcePath>
		<DCC_ObjPath>..\;$(DCC_ObjPath)</DCC_ObjPath>
		<DCC_IncludePath>..\;$(DCC_IncludePath)</DCC_IncludePath>
		<DCC_Define>DEBUG;$(DCC_Define)</DCC_Define>
		<DCC_UNSAFE_TYPE>True</DCC_UNSAFE_TYPE>
		<DCC_UNSAFE_CODE>True</DCC_UNSAFE_CODE>
		<DCC_UNSAFE_CAST>True</DCC_UNSAFE_CAST>
	</PropertyGroup>
	<ItemGroup>
		<DelphiCompile Include="sbridge120.dpk">
			<MainSource>MainSource</MainSource>
		</DelphiCompile>
		<DCCReference Include="rtl.dcp"/>
		<DCCReference Include="..\ScTypes.pas"/>
		<DCCReference Include="..\ScFunctions.pas"/>
		<DCCReference Include="..\ScAlgorithmSupport.pas"/>
		<DCCReference Include="..\ScASN1.pas"/>
		<DCCReference Include="..\ScBase64.pas"/>
		<DCCReference Include="..\ScBigInteger.pas"/>
		<DCCReference Include="..\ScBridge.pas"/>
		<DCCReference Include="..\ScEC25519.pas"/>
		<DCCReference Include="..\ScCMS.pas"/>
		<DCCReference Include="..\ScCertificateConsts.pas"/>
		<DCCReference Include="..\ScCertificateExts.pas"/>
		<DCCReference Include="..\ScCipher.pas"/>
		<DCCReference Include="..\ScCipherSuites.pas"/>
		<DCCReference Include="..\ScClient.pas"/>
		<DCCReference Include="..\ScClientHandshakeLayer.pas"/>
		<DCCReference Include="..\ScServerHandshakeLayer.pas"/>
		<DCCReference Include="..\ScCLRClasses.pas"/>
		<DCCReference Include="..\ScConsts.pas"/>
		<DCCReference Include="..\ScCryptoAPIIntf.pas"/>
		<DCCReference Include="..\ScCryptoAPIStorage.pas"/>
		<DCCReference Include="..\ScCryptoTransformIntf.pas"/>
		<DCCReference Include="..\ScDECUtil.pas"/>
		<DCCReference Include="..\ScHash.pas"/>
		<DCCReference Include="..\ScHashAlgorithm.pas"/>
		<DCCReference Include="..\ScHMAC.pas"/>
		<DCCReference Include="..\ScLayers.pas"/>
		<DCCReference Include="..\ScMD5SHA1CSP.pas"/>
		<DCCReference Include="..\ScOids.pas"/>
		<DCCReference Include="..\ScReaderWriter.pas"/>
		<DCCReference Include="..\ScReceiveBuffer.pas"/>
		<DCCReference Include="..\ScRNG.pas"/>
		<DCCReference Include="..\ScSecureSocket.pas"/>
		<DCCReference Include="..\ScSocketController.pas"/>
		<DCCReference Include="..\ScSSH2Channel.pas"/>
		<DCCReference Include="..\ScSSH2Connection.pas"/>
		<DCCReference Include="..\ScSSH2DataHandler.pas"/>
		<DCCReference Include="..\ScDataHandler.pas"/>
		<DCCReference Include="..\ScSSH2ServerConnection.pas"/>
		<DCCReference Include="..\ScSSHChannel.pas"/>
		<DCCReference Include="..\ScSSHClient.pas"/>
		<DCCReference Include="..\ScSSHConnectionParameter.pas"/>
		<DCCReference Include="..\ScSSHServer.pas"/>
		<DCCReference Include="..\ScSSHSocket.pas"/>
		<DCCReference Include="..\ScSSHUtils.pas"/>
		<DCCReference Include="..\ScSSHConsts.pas"/>
		<DCCReference Include="..\ScSSL3HandshakeLayer.pas"/>
		<DCCReference Include="..\ScSSLClient.pas"/>
		<DCCReference Include="..\ScSSLServer.pas"/>
		<DCCReference Include="..\ScTCPServer.pas"/>
		<DCCReference Include="..\ScSSLMessages.pas"/>
		<DCCReference Include="..\ScSSLExtensions.pas"/>
		<DCCReference Include="..\ScSSLTypes.pas"/>
		<DCCReference Include="..\ScSymmetricAlgorithm.pas"/>
		<DCCReference Include="..\ScThread.pas"/>
		<DCCReference Include="..\ScTLS1HandshakeLayer.pas"/>
		<DCCReference Include="..\ScTLS13HandshakeLayer.pas"/>
		<DCCReference Include="..\ScUtils.pas"/>
		<DCCReference Include="..\ScVio.pas"/>
		<DCCReference Include="..\ScVioSocket.pas"/>
		<DCCReference Include="..\ScVioTcp.pas"/>
		<DCCReference Include="..\ScSecureConnection.pas"/>
		<DCCReference Include="..\ScHttp.pas"/>
		<DCCReference Include="..\ScVioHttp.pas"/>
		<DCCReference Include="..\ScFTPUtils.pas"/>
		<DCCReference Include="..\ScFTPListParser.pas"/>
		<DCCReference Include="..\ScFTPClient.pas"/>
		<DCCReference Include="..\ScWebSocketClient.pas"/>
		<DCCReference Include="..\ScSFTPConsts.pas"/>
		<DCCReference Include="..\ScSFTPPacket.pas"/>
		<DCCReference Include="..\ScSFTPUtils.pas"/>
		<DCCReference Include="..\ScSFTPClient.pas"/>
		<DCCReference Include="..\ScSFTPServer.pas"/>
		<DCCReference Include="..\ScParser.pas"/>
		<DCCReference Include="..\ScJson.pas"/>
		<DCCReference Include="..\ScJsonSerializator.pas"/>
		<DCCReference Include="..\ScPipe.pas"/>
		<DCCReference Include="..\ScSignalRConsts.pas"/>
		<DCCReference Include="..\ScSignalRMessages.pas"/>
		<DCCReference Include="..\ScSignalRProtocol.pas"/>
		<DCCReference Include="..\ScSignalRHttpConnection.pas"/>
		<DCCReference Include="..\ScSignalRHttpTransports.pas"/>
		<DCCReference Include="..\ScSignalRHubConnection.pas"/>
		<DCCReference Include="..\ScCoders.pas"/>
		<DCCReference Include="..\ScSMTPUtils.pas"/>
		<DCCReference Include="..\ScMailMessage.pas"/>
		<DCCReference Include="..\ScSMTPClient.pas"/>
		<BuildConfiguration Include="Base">
			<Key>Base</Key>
		</BuildConfiguration>
		<BuildConfiguration Include="Release">
			<Key>Cfg_Release</Key>
			<CfgParent>Base</CfgParent>
		</BuildConfiguration>
		<BuildConfiguration Include="Debug">
			<Key>Cfg_Debug</Key>
			<CfgParent>Base</CfgParent>
		</BuildConfiguration>
	</ItemGroup>
	<Import Project="$(BDS)\Bin\CodeGear.Delphi.Targets" Condition="Exists('$(BDS)\Bin\CodeGear.Delphi.Targets')"/>
	<ProjectExtensions>
		<Borland.Personality>Delphi.Personality.12</Borland.Personality>
		<Borland.ProjectType>Package</Borland.ProjectType>
		<BorlandProject>
			<Delphi.Personality>
				<Parameters>
					<Parameters Name="UseLauncher">False</Parameters>
					<Parameters Name="LoadAllSymbols">True</Parameters>
					<Parameters Name="LoadUnspecifiedSymbols">False</Parameters>
				</Parameters>
				<VersionInfo>
					<VersionInfo Name="IncludeVerInfo">True</VersionInfo>
					<VersionInfo Name="AutoIncBuild">False</VersionInfo>
					<VersionInfo Name="MajorVer">10</VersionInfo>
					<VersionInfo Name="MinorVer">0</VersionInfo>
					<VersionInfo Name="Release">1</VersionInfo>
					<VersionInfo Name="Build">0</VersionInfo>
					<VersionInfo Name="Debug">False</VersionInfo>
					<VersionInfo Name="PreRelease">False</VersionInfo>
					<VersionInfo Name="Special">False</VersionInfo>
					<VersionInfo Name="Private">False</VersionInfo>
					<VersionInfo Name="DLL">False</VersionInfo>
				</VersionInfo>
				<VersionInfoKeys>
					<VersionInfoKeys Name="CompanyName">Devart</VersionInfoKeys>
					<VersionInfoKeys Name="FileDescription"/>
					<VersionInfoKeys Name="FileVersion">10.0.1.0</VersionInfoKeys>
					<VersionInfoKeys Name="InternalName"/>
					<VersionInfoKeys Name="LegalCopyright"/>
					<VersionInfoKeys Name="LegalTrademarks"/>
					<VersionInfoKeys Name="OriginalFilename"/>
					<VersionInfoKeys Name="ProductName">SecureBridge</VersionInfoKeys>
					<VersionInfoKeys Name="ProductVersion">10.0.1.0</VersionInfoKeys>
				</VersionInfoKeys>
				<Source>
					<Source Name="MainSource">sbridge120.dpk</Source>
				</Source>
			</Delphi.Personality>
		</BorlandProject>
		<ProjectFileVersion>12</ProjectFileVersion>
	</ProjectExtensions>
</Project>
