<?xml version="1.0" encoding="utf-8"?>
<Project xmlns="http://schemas.microsoft.com/developer/msbuild/2003">
  <PropertyGroup>
    <ProjectGuid>{95D2A40E-5264-4ACB-A152-EC008C5EBBA2}</ProjectGuid>
    <MainSource>FindPanelDemoD2010.dpr</MainSource>
    <Config Condition="'$(Config)'==''">Base</Config>
    <DCC_DCCCompiler>DCC32</DCC_DCCCompiler>
    <ProjectVersion>12.0</ProjectVersion>
  </PropertyGroup>
  <PropertyGroup Condition="'$(Config)'=='Base' or '$(Base)'!=''">
    <Base>true</Base>
  </PropertyGroup>
  <PropertyGroup Condition="'$(Base)'!=''">
    <UsePackages>true</UsePackages>
    <DCC_UsePackage>dxSkinSharpPlusRS14;dxSkinOffice2019DarkGrayRS14;dxSkinBlackRS14;cxSchedulerTreeBrowserRS14;dxSkinOffice2010BlackRS14;dxPScxVGridLnkRS14;cxExportRS14;cxPivotGridOLAPRS14;dxSkinOffice2019WhiteRS14;dxSkinOffice2007BlueRS14;dxSpellCheckerRS14;dxBarDBNavRS14;dxBarExtItemsRS14;dxSkinOffice2016DarkRS14;dxSkinOffice2016ColorfulRS14;dxSpreadSheetCoreRS14;dxTabbedMDIRS14;dxmdsRS14;dxCoreRS14;dxBarExtDBItemsRS14;dxSkinBasicRS14;cxPageControldxBarPopupMenuRS14;cxSchedulerWebServiceStorageRS14;dxSkinMetropolisDarkRS14;dxPSPrVwRibbonRS14;dxSkinFoggyRS14;dxSkinOffice2013WhiteRS14;dxSkinSummer2008RS14;dxSkinMoneyTwinsRS14;dxSkinOffice2007GreenRS14;dxGanttControlRS14;dxPSdxLCLnkRS14;dxRibbonRS14;dxSkinTheBezierRS14;dxSkinSpringTimeRS14;dxSkinWhiteprintRS14;dxSpreadSheetReportDesignerRS14;dxFlowChartDesignerRS14;dxSkinSharpRS14;dxSkinDarkSideRS14;dxGanttControlSchedulerStorageImporterRS14;dxSkinBlueprintRS14;dxSkinOffice2010SilverRS14;dxGDIPlusRS14;dxPSdxDBTVLnkRS14;dxPScxCommonRS14;dxSpreadSheetConditionalFormattingDialogsRS14;cxSchedulerRS14;dxSkinCaramelRS14;dxSpreadSheetCoreConditionalFormattingDialogsRS14;dxOrgCRS14;dxSkinLondonLiquidSkyRS14;dxPScxGridLnkRS14;dxPScxPCProdRS14;dxTileControlRS14;dxSkinVisualStudio2013DarkRS14;dxSkinOffice2019ColorfulRS14;dxFlowChartAdvancedCustomizeFormRS14;dxRibbonCustomizationFormRS14;dxSkinDarkRoomRS14;dxSkinVS2010RS14;dxSkinsCoreRS14;cxLibraryRS14;dxPSdxDBOCLnkRS14;dxMapControlRS14;dxSkinOffice2010BlueRS14;dxSkinVisualStudio2013LightRS14;dxSkinSilverRS14;cxPivotGridChartRS14;dxSkinCoffeeRS14;dxDockingRS14;dxSkinDevExpressStyleRS14;dxdbtrRS14;dxSkinOffice2019BlackRS14;dxSkinStardustRS14;dxPSdxFCLnkRS14;dxSkinOffice2007SilverRS14;dxSkinVisualStudio2013BlueRS14;dxPSdxMapControlLnkRS14;dxSkinOffice2007BlackRS14;dxSkinValentineRS14;dxSkinOffice2007PinkRS14;dxSkinBlueRS14;dxPScxPivotGridLnkRS14;dxSkinOffice2013LightGrayRS14;dxPSCoreRS14;dxSkinXmas2008BlueRS14;dxSkinSevenRS14;dxSkinDevExpressDarkStyleRS14;dxPSdxSpreadSheetLnkRS14;dxPSLnksRS14;dxtrmdRS14;dxOrgChartAdvancedCustomizeFormRS14;dxSkinSevenClassicRS14;dxSkinOffice2013DarkGrayRS14;dxComnRS14;dxPDFViewerRS14;dxSkinLilianRS14;dxDBOrRS14;dxSkinHighContrastRS14;dxBarRS14;dxSpreadSheetRS14;dxFlowChartLayoutsRS14;dxCloudServiceLibraryRS14;cxSchedulerRibbonStyleEventEditorRS14;dxWizardControlRS14;dxPSdxOCLnkRS14;dxNavBarRS14;cxSchedulerGridRS14;dxPScxExtCommonRS14;dxPSdxGaugeControlLnkRS14;dxSkinMetropolisRS14;dxServerModeRS14;dxPScxTLLnkRS14;dxPScxSchedulerLnkRS14;dxHttpIndyRequestRS14;dxSkinPumpkinRS14;cxVerticalGridRS14;dxPSdxPDFViewerLnkRS14;dxSkinGlassOceansRS14;cxTreeListRS14;dxGaugeControlRS14;dxSkinLiquidSkyRS14;cxGridRS14;dxSkiniMaginaryRS14;dxSkinTheAsphaltWorldRS14;dxFlowChartRS14;dxSkinMcSkinRS14;dxPSPrVwAdvRS14;cxTreeListdxBarPopupMenuRS14;cxPivotGridRS14</DCC_UsePackage>
  </PropertyGroup>
  <ProjectExtensions>
    <Borland.Personality>Delphi.Personality.12</Borland.Personality>
    <Borland.ProjectType>VCLApplication</Borland.ProjectType>
    <BorlandProject>
      <Delphi.Personality>
        <Source>
          <Source Name="MainSource">FindPanelDemoD2010.dpr</Source>
        </Source>
      </Delphi.Personality>
    </BorlandProject>
    <ProjectFileVersion>12</ProjectFileVersion>
  </ProjectExtensions>
</Project>
