<?xml version="1.0" encoding="utf-8"?>
<Project xmlns="http://schemas.microsoft.com/developer/msbuild/2003">
  <PropertyGroup>
    <ProjectGuid>{56670A8A-F71E-4E71-82C9-7EDFC3964FF5}</ProjectGuid>
    <MainSource>FilmsRSXE.dpk</MainSource>
    <Config Condition="'$(Config)'==''">Base</Config>
    <DCC_DCCCompiler>DCC32</DCC_DCCCompiler>
    <ProjectVersion>12.0</ProjectVersion>
  </PropertyGroup>
  <PropertyGroup Condition="'$(Config)'=='Base' or '$(Base)'!=''">
    <Base>true</Base>
  </PropertyGroup>
  <PropertyGroup Condition="'$(Base)'!=''">
  </PropertyGroup>
  <ProjectExtensions>
    <Borland.Personality>Delphi.Personality.12</Borland.Personality>
    <Borland.ProjectType>Package</Borland.ProjectType>
    <BorlandProject>
      <Delphi.Personality>
        <Source>
          <Source Name="MainSource">FilmsRSXE.dpk</Source>
        </Source>
      </Delphi.Personality>
    </BorlandProject>
    <ProjectFileVersion>12</ProjectFileVersion>
  </ProjectExtensions>
</Project>
