<Project xmlns="http://schemas.microsoft.com/developer/msbuild/2003">
	<PropertyGroup>
		<ProjectGuid>{ea9ec1ce-8ace-4bc6-9d70-dfee1626f110}</ProjectGuid>
		<MainSource>indy10sbridge140.dpk</MainSource>
		<Configuration Condition=" '$(Configuration)' == '' ">Debug</Configuration>
		<Platform Condition=" '$(Platform)' == '' ">AnyCPU</Platform>
		<DCC_DCCCompiler>DCC32</DCC_DCCCompiler>
		<DCC_DependencyCheckOutputName>$(BDSCOMMONDIR)\Bpl\indy10sbridge140.bpl</DCC_DependencyCheckOutputName>
		<ProjectVersion>14</ProjectVersion>
		<Config Condition="'$(Config)'==''">Debug</Config>
	</PropertyGroup>
	<PropertyGroup Condition="'$(Config)'=='Base' or '$(Base)'!=''">
		<Base>true</Base>
	</PropertyGroup>
	<PropertyGroup Condition="'$(Config)'=='Release' or '$(Cfg_Release)'!=''">
		<Cfg_Release>true</Cfg_Release>
		<CfgParent>Base</CfgParent>
		<Base>true</Base>
	</PropertyGroup>
	<PropertyGroup Condition="'$(Config)'=='Debug' or '$(Cfg_Debug)'!=''">
		<Cfg_Debug>true</Cfg_Debug>
		<CfgParent>Base</CfgParent>
		<Base>true</Base>
	</PropertyGroup>
	<PropertyGroup Condition="'$(Base)'!=''">
		<DCC_ImageBase>00400000</DCC_ImageBase>
		<DesignOnlyPackage>false</DesignOnlyPackage>
		<DCC_DependencyCheckOutputName>D:\Documents and Settings\All Users\Documents\RAD Studio\7.0\Bpl\indy10sbridge140.bpl</DCC_DependencyCheckOutputName>
		<DCC_LocalDebugSymbols>false</DCC_LocalDebugSymbols>
		<DCC_Description>Devart SecureBridge Components for Indy</DCC_Description>
		<DCC_WriteableConstants>true</DCC_WriteableConstants>
		<DCC_OutputNeverBuildDcps>true</DCC_OutputNeverBuildDcps>
		<GenDll>true</GenDll>
		<GenPackage>true</GenPackage>
		<DCC_DebugInformation>false</DCC_DebugInformation>
		<DCC_SymbolReferenceInfo>0</DCC_SymbolReferenceInfo>
	</PropertyGroup>
	<PropertyGroup Condition="'$(Cfg_Release)'!=''">
		<Version>7.0</Version>
		<DCC_DebugInformation>False</DCC_DebugInformation>
		<DCC_WriteableConstants>True</DCC_WriteableConstants>
		<DCC_LocalDebugSymbols>False</DCC_LocalDebugSymbols>
		<DCC_SymbolReferenceInfo>0</DCC_SymbolReferenceInfo>
		<DCC_UnitAlias>WinTypes=Windows;WinProcs=Windows;DbiTypes=BDE;DbiProcs=BDE;DbiErrs=BDE;$(DCC_UnitAlias)</DCC_UnitAlias>
		<DCC_CBuilderOutput>All</DCC_CBuilderOutput>
		<DCC_StackSize>4096,1048576</DCC_StackSize>
		<DCC_ExeOutput>.</DCC_ExeOutput>
		<DCC_DcuOutput>.</DCC_DcuOutput>
		<DCC_ObjOutput>.</DCC_ObjOutput>
		<DCC_HppOutput>.</DCC_HppOutput>
		<DCC_UnitSearchPath>..\;$(BDS)\lib\Indy10\;$(DCC_UnitSearchPath)</DCC_UnitSearchPath>
		<DCC_ResourcePath>..\;$(BDS)\lib\Indy10\;$(DCC_ResourcePath)</DCC_ResourcePath>
		<DCC_ObjPath>..\;$(BDS)\lib\Indy10\;$(DCC_ObjPath)</DCC_ObjPath>
		<DCC_IncludePath>..\;$(BDS)\lib\Indy10\;$(DCC_IncludePath)</DCC_IncludePath>
		<DCC_Define>sbridge;RELEASE;$(DCC_Define)</DCC_Define>
		<DCC_UNSAFE_TYPE>True</DCC_UNSAFE_TYPE>
		<DCC_UNSAFE_CODE>True</DCC_UNSAFE_CODE>
		<DCC_UNSAFE_CAST>True</DCC_UNSAFE_CAST>
	</PropertyGroup>
	<PropertyGroup Condition="'$(Cfg_Debug)'!=''">
		<Version>7.0</Version>
		<DCC_DebugInformation>False</DCC_DebugInformation>
		<DCC_WriteableConstants>True</DCC_WriteableConstants>
		<DCC_LocalDebugSymbols>False</DCC_LocalDebugSymbols>
		<DCC_SymbolReferenceInfo>0</DCC_SymbolReferenceInfo>
		<DCC_UnitAlias>WinTypes=Windows;WinProcs=Windows;DbiTypes=BDE;DbiProcs=BDE;DbiErrs=BDE;$(DCC_UnitAlias)</DCC_UnitAlias>
		<DCC_CBuilderOutput>All</DCC_CBuilderOutput>
		<DCC_StackSize>4096,1048576</DCC_StackSize>
		<DCC_ExeOutput>.</DCC_ExeOutput>
		<DCC_DcuOutput>.</DCC_DcuOutput>
		<DCC_ObjOutput>.</DCC_ObjOutput>
		<DCC_HppOutput>.</DCC_HppOutput>
		<DCC_UnitSearchPath>..\;$(BDS)\lib\Indy10\;$(DCC_UnitSearchPath)</DCC_UnitSearchPath>
		<DCC_ResourcePath>..\;$(BDS)\lib\Indy10\;$(DCC_ResourcePath)</DCC_ResourcePath>
		<DCC_ObjPath>..\;$(BDS)\lib\Indy10\;$(DCC_ObjPath)</DCC_ObjPath>
		<DCC_IncludePath>..\;$(BDS)\lib\Indy10\;$(DCC_IncludePath)</DCC_IncludePath>
		<DCC_Define>sbridge;DEBUG;$(DCC_Define)</DCC_Define>
		<DCC_UNSAFE_TYPE>True</DCC_UNSAFE_TYPE>
		<DCC_UNSAFE_CODE>True</DCC_UNSAFE_CODE>
		<DCC_UNSAFE_CAST>True</DCC_UNSAFE_CAST>
	</PropertyGroup>
	<ItemGroup>
		<DelphiCompile Include="indy10sbridge140.dpk">
			<MainSource>MainSource</MainSource>
		</DelphiCompile>
		<DCCReference Include="rtl.dcp"/>
		<DCCReference Include="IndyCore.dcp"/>
		<DCCReference Include="sbridge140.dcp"/>
		<DCCReference Include="..\ScIndy.pas"/>
		<DCCReference Include="..\ScIndyReg.pas"/>
		<BuildConfiguration Include="Base">
			<Key>Base</Key>
		</BuildConfiguration>
		<BuildConfiguration Include="Release">
			<Key>Cfg_Release</Key>
			<CfgParent>Base</CfgParent>
		</BuildConfiguration>
		<BuildConfiguration Include="Debug">
			<Key>Cfg_Debug</Key>
			<CfgParent>Base</CfgParent>
		</BuildConfiguration>
	</ItemGroup>
	<Import Project="$(BDS)\Bin\CodeGear.Delphi.Targets" Condition="Exists('$(BDS)\Bin\CodeGear.Delphi.Targets')"/>
	<ProjectExtensions>
		<Borland.Personality>Delphi.Personality</Borland.Personality>
		<Borland.ProjectType>Package</Borland.ProjectType>
		<BorlandProject>
			<Delphi.Personality>
				<Parameters>
					<Parameters Name="UseLauncher">False</Parameters>
					<Parameters Name="LoadAllSymbols">True</Parameters>
					<Parameters Name="LoadUnspecifiedSymbols">False</Parameters>
				</Parameters>
				<VersionInfo>
					<VersionInfo Name="IncludeVerInfo">True</VersionInfo>
					<VersionInfo Name="AutoIncBuild">False</VersionInfo>
					<VersionInfo Name="MajorVer">10</VersionInfo>
					<VersionInfo Name="MinorVer">0</VersionInfo>
					<VersionInfo Name="Release">1</VersionInfo>
					<VersionInfo Name="Build">0</VersionInfo>
					<VersionInfo Name="Debug">False</VersionInfo>
					<VersionInfo Name="PreRelease">False</VersionInfo>
					<VersionInfo Name="Special">False</VersionInfo>
					<VersionInfo Name="Private">False</VersionInfo>
					<VersionInfo Name="DLL">False</VersionInfo>
				</VersionInfo>
				<VersionInfoKeys>
					<VersionInfoKeys Name="CompanyName">Devart</VersionInfoKeys>
					<VersionInfoKeys Name="FileDescription"/>
					<VersionInfoKeys Name="FileVersion">10.0.1.0</VersionInfoKeys>
					<VersionInfoKeys Name="InternalName"/>
					<VersionInfoKeys Name="LegalCopyright"/>
					<VersionInfoKeys Name="LegalTrademarks"/>
					<VersionInfoKeys Name="OriginalFilename"/>
					<VersionInfoKeys Name="ProductName">SecureBridge</VersionInfoKeys>
					<VersionInfoKeys Name="ProductVersion">10.0.1.0</VersionInfoKeys>
				</VersionInfoKeys>
				<Source>
					<Source Name="MainSource">indy10sbridge140.dpk</Source>
				</Source>
			</Delphi.Personality>
		</BorlandProject>
	</ProjectExtensions>
</Project>
