<?xml version="1.0" encoding="utf-8"?>
<Project xmlns="http://schemas.microsoft.com/developer/msbuild/2003">
  <PropertyGroup>
    <ProjectGuid>{28487D1E-0CD3-4B31-B8D8-DD356591035F}</ProjectGuid>
    <MainSource>SummaryGroupDemoDXE5.dpr</MainSource>
    <Config Condition="'$(Config)'==''">Base</Config>
    <DCC_DCCCompiler>DCC32</DCC_DCCCompiler>
    <ProjectVersion>13.4</ProjectVersion>
  </PropertyGroup>
  <PropertyGroup Condition="'$(Config)'=='Base' or '$(Base)'!=''">
    <Base>true</Base>
  </PropertyGroup>
  <PropertyGroup Condition="'$(Base)'!=''">
    <UsePackages>true</UsePackages>
    <DCC_UsePackage>dxSkinOffice2007BlueRS19;dxSkinOffice2010BlackRS19;dxSkinCoffeeRS19;dxSkinMcSkinRS19;dxFlowChartRS19;dxSkinSevenRS19;dxPSdxOCLnkRS19;dxSkinLilianRS19;dxSkinSilverRS19;dxEMFDataRS19;dxPSdxDBOCLnkRS19;dxSkinVisualStudio2013LightRS19;dxSkinOffice2010SilverRS19;cxExportRS19;dxPSdxDBTVLnkRS19;dxSkinXmas2008BlueRS19;dxHttpIndyRequestRS19;dxSkinVS2010RS19;dxSkinTheAsphaltWorldRS19;dxSkinOffice2010BlueRS19;dxBarExtItemsRS19;dxPSCoreRS19;cxGridRS19;cxSchedulerRibbonStyleEventEditorRS19;dxSkinSharpPlusRS19;dxPScxPCProdRS19;cxPageControldxBarPopupMenuRS19;dxTabbedMDIRS19;dxGDIPlusRS19;dxRichEditCoreRS19;dxSkinTheBezierRS19;dxComnRS19;dxSkinOffice2007GreenRS19;dxSkinMoneyTwinsRS19;dxPScxTLLnkRS19;dxDBOrRS19;cxTreeListdxBarPopupMenuRS19;dxRichEditDocumentModelRS19;dxRibbonCustomizationFormRS19;dxSkinOffice2007SilverRS19;dxtrmdRS19;dxSkinOffice2016ColorfulRS19;dxRichEditControlDocFormatRS19;dxGaugeControlRS19;dxBarRS19;dxFlowChartDesignerRS19;dxSpreadSheetReportDesignerRS19;dxSpreadSheetCoreConditionalFormattingDialogsRS19;dxSkinSummer2008RS19;dxSkinOffice2013DarkGrayRS19;dxDockingRS19;cxLibraryRS19;dxRichEditControlHtmlFormatRS19;dxOrgChartAdvancedCustomizeFormRS19;dxSkinHighContrastRS19;dxMapControlRS19;dxCloudServiceLibraryRS19;dxADOEMFRS19;dxFlowChartLayoutsRS19;cxVerticalGridRS19;dxSkinOffice2013LightGrayRS19;dxPSdxFCLnkRS19;dxSkinDevExpressStyleRS19;dxSpreadSheetConditionalFormattingDialogsRS19;dxSkinOffice2007PinkRS19;dxRichEditControlCoreRS19;dxSkinValentineRS19;dxSkinBlackRS19;dxRichEditControlRS19;dxSpreadSheetRS19;dxOrgCRS19;dxSkinFoggyRS19;dxSkinSharpRS19;cxTreeListRS19;dxSkinBasicRS19;dxSkinDarkSideRS19;dxSkinSpringTimeRS19;dxdbtrRS19;dxSpreadSheetCoreRS19;dxSkinOffice2019DarkGrayRS19;dxSkinDevExpressDarkStyleRS19;dxSkinBlueprintRS19;dxSkinOffice2016DarkRS19;dxSkinGlassOceansRS19;dxBarDBNavRS19;dxPScxCommonRS19;dxSkinOffice2007BlackRS19;cxPivotGridRS19;dxSkinDarkRoomRS19;dxSkinOffice2013WhiteRS19;dxFlowChartAdvancedCustomizeFormRS19;dxPScxGridLnkRS19;dxSkinMetropolisRS19;dxSkinOffice2019BlackRS19;dxPSdxSpreadSheetLnkRS19;dxPScxSchedulerLnkRS19;dxPScxVGridLnkRS19;cxSchedulerRS19;cxPivotGridOLAPRS19;dxRichEditControlOpenXMLFormatRS19;dxGanttControlSchedulerStorageImporterRS19;cxSchedulerTreeBrowserRS19;dxPSdxPDFViewerLnkRS19;dxPSdxLCLnkRS19;dxRibbonRS19;dxPSdxMapControlLnkRS19;dxPSPrVwAdvRS19;dxServerModeRS19;dxGanttControlRS19;dxPSPrVwRibbonRS19;dxSkinBlueRS19;dxSkinWhiteprintRS19;dxCoreRS19;cxSchedulerGridRS19;dxPScxExtCommonRS19;dxSpellCheckerRS19;dxSkinOffice2019WhiteRS19;dxPSRichEditControlLnkRS19;dxSkinStardustRS19;dxSkinMetropolisDarkRS19;dxSkinLondonLiquidSkyRS19;dxPSdxGaugeControlLnkRS19;dxSkiniMaginaryRS19;dxSkinPumpkinRS19;dxTileControlRS19;cxPivotGridChartRS19;dxSkinLiquidSkyRS19;dxSkinOffice2019ColorfulRS19;dxEMFRS19;dxWizardControlRS19;dxSkinCaramelRS19;dxBarExtDBItemsRS19;cxGridEMFRS19;dxmdsRS19;dxSkinVisualStudio2013DarkRS19;dxSkinsCoreRS19;cxSchedulerWebServiceStorageRS19;dxPSLnksRS19;dxSkinSevenClassicRS19;dxSkinVisualStudio2013BlueRS19;dxPDFViewerRS19;dxPScxPivotGridLnkRS19;dxNavBarRS19</DCC_UsePackage>
    <Manifest_File>$(BDS)\bin\default_app.manifest</Manifest_File>
    <DCC_Namespace>WinApi;Vcl;System;System.Win;Vcl.Imaging;Data;Data.Win;Bde;Xml;Xml.Win;Vcl.Shell;VclTee;Datasnap;IBX;Vcl.Samples;$(DCC_Namespace)</DCC_Namespace>
  </PropertyGroup>
  <ProjectExtensions>
    <Borland.Personality>Delphi.Personality.12</Borland.Personality>
    <Borland.ProjectType>VCLApplication</Borland.ProjectType>
    <BorlandProject>
      <Delphi.Personality>
        <Source>
          <Source Name="MainSource">SummaryGroupDemoDXE5.dpr</Source>
        </Source>
      </Delphi.Personality>
      <Platforms>
        <Platform value="Win32">True</Platform>
        <Platform value="Win64">True</Platform>
      </Platforms>
    </BorlandProject>
    <ProjectFileVersion>12</ProjectFileVersion>
  </ProjectExtensions>
</Project>
