<?xml version="1.0" encoding="utf-8"?>
<Project xmlns="http://schemas.microsoft.com/developer/msbuild/2003">
  <PropertyGroup>
    <ProjectGuid>{4FE7DF19-56BA-43D7-8D78-DB52E77C6AA1}</ProjectGuid>
    <MainSource>StylesMultiDemoD104Sydney.dpr</MainSource>
    <Config Condition="'$(Config)'==''">Base</Config>
    <DCC_DCCCompiler>DCC32</DCC_DCCCompiler>
    <ProjectVersion>13.4</ProjectVersion>
  </PropertyGroup>
  <PropertyGroup Condition="'$(Config)'=='Base' or '$(Base)'!=''">
    <Base>true</Base>
  </PropertyGroup>
  <PropertyGroup Condition="'$(Base)'!=''">
    <UsePackages>true</UsePackages>
    <DCC_UsePackage>dxRichEditControlHtmlFormatRS27;dxSkinHighContrastRS27;dxtrmdRS27;dxBarDBNavRS27;dxPDFViewerRS27;dxComnRS27;dxSkinPumpkinRS27;dxBarExtDBItemsRS27;dxPSdxGaugeControlLnkRS27;dxPScxCommonRS27;dxSkinOffice2019BlackRS27;cxPivotGridOLAPRS27;dxPScxExtCommonRS27;dxSkinCaramelRS27;dxPScxPCProdRS27;dxSkinTheBezierRS27;dxADOEMFRS27;dxSkinOffice2007BlueRS27;dxSkinSevenClassicRS27;dxSkinOffice2019WhiteRS27;dxSkinOffice2013LightGrayRS27;dxOrgChartAdvancedCustomizeFormRS27;cxSchedulerWebServiceStorageRS27;dxServerModeRS27;dxPScxVGridLnkRS27;dxSkinVisualStudio2013BlueRS27;dxPSPrVwRibbonRS27;dxPSCoreRS27;dxSkinOffice2010BlueRS27;dxSkinFoggyRS27;dxSkinCoffeeRS27;dxSkiniMaginaryRS27;dxDBOrRS27;dxHttpIndyRequestRS27;cxPageControldxBarPopupMenuRS27;dxSpellCheckerRS27;dxSkinOffice2016DarkRS27;dxPScxPivotGridLnkRS27;dxSkinVS2010RS27;dxPSdxFCLnkRS27;cxSchedulerRS27;dxSkinWhiteprintRS27;dxSpreadSheetConditionalFormattingDialogsRS27;dxSkinLiquidSkyRS27;dxSkinLondonLiquidSkyRS27;cxGridEMFRS27;dxRichEditDocumentModelRS27;cxGridRS27;dxSpreadSheetRS27;dxSkinTheAsphaltWorldRS27;dxNavBarRS27;dxSkinOffice2010SilverRS27;dxFlowChartAdvancedCustomizeFormRS27;dxSkinOffice2019ColorfulRS27;dxSkinXmas2008BlueRS27;dxCoreRS27;dxGanttControlRS27;dxPScxSchedulerLnkRS27;dxPSdxOCLnkRS27;dxRichEditControlDocFormatRS27;cxSchedulerGridRS27;dxSkinMcSkinRS27;dxSkinOffice2016ColorfulRS27;dxPScxGridLnkRS27;dxGDIPlusRS27;dxBarRS27;dxRichEditControlCoreRS27;dxPSdxPDFViewerLnkRS27;dxSkinMetropolisRS27;dxSpreadSheetCoreRS27;dxFlowChartLayoutsRS27;dxSkinOffice2007BlackRS27;dxSkinMetropolisDarkRS27;dxRichEditCoreRS27;dxSkinDarkSideRS27;dxSkinBlueprintRS27;dxWizardControlRS27;dxSpreadSheetCoreConditionalFormattingDialogsRS27;dxSkinOffice2013DarkGrayRS27;dxPSPrVwAdvRS27;dxSkinVisualStudio2013LightRS27;cxTreeListRS27;dxSkinStardustRS27;dxTileControlRS27;dxSkinDarkRoomRS27;dxRibbonRS27;dxSpreadSheetReportDesignerRS27;cxVerticalGridRS27;dxSkinSevenRS27;dxPSdxMapControlLnkRS27;cxPivotGridChartRS27;dxSkinGlassOceansRS27;dxMapControlRS27;dxPSdxDBTVLnkRS27;dxTabbedMDIRS27;dxSkinSharpPlusRS27;cxTreeListdxBarPopupMenuRS27;cxLibraryRS27;dxFlowChartRS27;dxSkinOffice2010BlackRS27;dxSkinsCoreRS27;dxRibbonCustomizationFormRS27;dxSkinDevExpressDarkStyleRS27;dxSkinSharpRS27;dxSkinOffice2007PinkRS27;dxEMFRS27;dxGanttControlSchedulerStorageImporterRS27;dxSkinOffice2013WhiteRS27;cxSchedulerTreeBrowserRS27;dxSkinOffice2007SilverRS27;dxDockingRS27;dxRichEditControlRS27;cxExportRS27;dxSkinBlackRS27;dxPSdxDBOCLnkRS27;dxSkinOffice2007GreenRS27;dxOrgCRS27;dxPSLnksRS27;dxSkinValentineRS27;dxSkinBasicRS27;dxPScxTLLnkRS27;dxSkinSummer2008RS27;dxCloudServiceLibraryRS27;dxSkinSilverRS27;dxSkinMoneyTwinsRS27;dxPSdxSpreadSheetLnkRS27;dxdbtrRS27;dxPSdxLCLnkRS27;dxSkinBlueRS27;dxSkinVisualStudio2013DarkRS27;cxSchedulerRibbonStyleEventEditorRS27;dxBarExtItemsRS27;dxmdsRS27;dxEMFDataRS27;dxSkinLilianRS27;dxGaugeControlRS27;dxFlowChartDesignerRS27;cxPivotGridRS27;dxSkinOffice2019DarkGrayRS27;dxSkinSpringTimeRS27;dxSkinDevExpressStyleRS27;dxPSRichEditControlLnkRS27;dxRichEditControlOpenXMLFormatRS27</DCC_UsePackage>
    <Manifest_File>$(BDS)\bin\default_app.manifest</Manifest_File>
    <DCC_Namespace>WinApi;Vcl;System;System.Win;Vcl.Imaging;Data;Data.Win;Bde;Xml;Xml.Win;Vcl.Shell;VclTee;Datasnap;IBX;Vcl.Samples;$(DCC_Namespace)</DCC_Namespace>
  </PropertyGroup>
  <ProjectExtensions>
    <Borland.Personality>Delphi.Personality.12</Borland.Personality>
    <Borland.ProjectType>VCLApplication</Borland.ProjectType>
    <BorlandProject>
      <Delphi.Personality>
        <Source>
          <Source Name="MainSource">StylesMultiDemoD104Sydney.dpr</Source>
        </Source>
      </Delphi.Personality>
      <Platforms>
        <Platform value="Win32">True</Platform>
        <Platform value="Win64">True</Platform>
      </Platforms>
    </BorlandProject>
    <ProjectFileVersion>12</ProjectFileVersion>
  </ProjectExtensions>
</Project>
